// !$*UTF8*$!
{
	archiveVersion = 1;
	classes = {
	};
	objectVersion = 77;
	objects = {

/* Begin PBXContainerItemProxy section */
		9C6734D52D9C72D800D45EA9 /* PBXContainerItemProxy */ = {
			isa = PBXContainerItemProxy;
			containerPortal = 9C6734BC2D9C72D400D45EA9 /* Project object */;
			proxyType = 1;
			remoteGlobalIDString = 9C6734C32D9C72D400D45EA9;
			remoteInfo = anyApp;
		};
		9C6734DF2D9C72D800D45EA9 /* PBXContainerItemProxy */ = {
			isa = PBXContainerItemProxy;
			containerPortal = 9C6734BC2D9C72D400D45EA9 /* Project object */;
			proxyType = 1;
			remoteGlobalIDString = 9C6734C32D9C72D400D45EA9;
			remoteInfo = anyApp;
		};
/* End PBXContainerItemProxy section */

/* Begin PBXFileReference section */
		9C6734C42D9C72D400D45EA9 /* anyApp.app */ = {isa = PBXFileReference; explicitFileType = wrapper.application; includeInIndex = 0; path = anyApp.app; sourceTree = BUILT_PRODUCTS_DIR; };
		9C6734D42D9C72D800D45EA9 /* anyAppTests.xctest */ = {isa = PBXFileReference; explicitFileType = wrapper.cfbundle; includeInIndex = 0; path = anyAppTests.xctest; sourceTree = BUILT_PRODUCTS_DIR; };
		9C6734DE2D9C72D800D45EA9 /* anyAppUITests.xctest */ = {isa = PBXFileReference; explicitFileType = wrapper.cfbundle; includeInIndex = 0; path = anyAppUITests.xctest; sourceTree = BUILT_PRODUCTS_DIR; };
/* End PBXFileReference section */

/* Begin PBXFileSystemSynchronizedRootGroup section */
		9C6734C62D9C72D400D45EA9 /* anyApp */ = {
			isa = PBXFileSystemSynchronizedRootGroup;
			path = anyApp;
			sourceTree = "<group>";
		};
		9C6734D72D9C72D800D45EA9 /* anyAppTests */ = {
			isa = PBXFileSystemSynchronizedRootGroup;
			path = anyAppTests;
			sourceTree = "<group>";
		};
		9C6734E12D9C72D800D45EA9 /* anyAppUITests */ = {
			isa = PBXFileSystemSynchronizedRootGroup;
			path = anyAppUITests;
			sourceTree = "<group>";
		};
/* End PBXFileSystemSynchronizedRootGroup section */

/* Begin PBXFrameworksBuildPhase section */
		9C6734C12D9C72D400D45EA9 /* Frameworks */ = {
			isa = PBXFrameworksBuildPhase;
			buildActionMask = 2147483647;
			files = (
			);
			runOnlyForDeploymentPostprocessing = 0;
		};
		9C6734D12D9C72D800D45EA9 /* Frameworks */ = {
			isa = PBXFrameworksBuildPhase;
			buildActionMask = 2147483647;
			files = (
			);
			runOnlyForDeploymentPostprocessing = 0;
		};
		9C6734DB2D9C72D800D45EA9 /* Frameworks */ = {
			isa = PBXFrameworksBuildPhase;
			buildActionMask = 2147483647;
			files = (
			);
			runOnlyForDeploymentPostprocessing = 0;
		};
/* End PBXFrameworksBuildPhase section */

/* Begin PBXGroup section */
		9C6734BB2D9C72D400D45EA9 = {
			isa = PBXGroup;
			children = (
				9C6734C62D9C72D400D45EA9 /* anyApp */,
				9C6734D72D9C72D800D45EA9 /* anyAppTests */,
				9C6734E12D9C72D800D45EA9 /* anyAppUITests */,
				9C6734C52D9C72D400D45EA9 /* Products */,
			);
			sourceTree = "<group>";
		};
		9C6734C52D9C72D400D45EA9 /* Products */ = {
			isa = PBXGroup;
			children = (
				9C6734C42D9C72D400D45EA9 /* anyApp.app */,
				9C6734D42D9C72D800D45EA9 /* anyAppTests.xctest */,
				9C6734DE2D9C72D800D45EA9 /* anyAppUITests.xctest */,
			);
			name = Products;
			sourceTree = "<group>";
		};
/* End PBXGroup section */

/* Begin PBXNativeTarget section */
		9C6734C32D9C72D400D45EA9 /* anyApp */ = {
			isa = PBXNativeTarget;
			buildConfigurationList = 9C6734E82D9C72D800D45EA9 /* Build configuration list for PBXNativeTarget "anyApp" */;
			buildPhases = (
				9C6734C02D9C72D400D45EA9 /* Sources */,
				9C6734C12D9C72D400D45EA9 /* Frameworks */,
				9C6734C22D9C72D400D45EA9 /* Resources */,
			);
			buildRules = (
			);
			dependencies = (
			);
			fileSystemSynchronizedGroups = (
				9C6734C62D9C72D400D45EA9 /* anyApp */,
			);
			name = anyApp;
			packageProductDependencies = (
			);
			productName = anyApp;
			productReference = 9C6734C42D9C72D400D45EA9 /* anyApp.app */;
			productType = "com.apple.product-type.application";
		};
		9C6734D32D9C72D800D45EA9 /* anyAppTests */ = {
			isa = PBXNativeTarget;
			buildConfigurationList = 9C6734EB2D9C72D800D45EA9 /* Build configuration list for PBXNativeTarget "anyAppTests" */;
			buildPhases = (
				9C6734D02D9C72D800D45EA9 /* Sources */,
				9C6734D12D9C72D800D45EA9 /* Frameworks */,
				9C6734D22D9C72D800D45EA9 /* Resources */,
			);
			buildRules = (
			);
			dependencies = (
				9C6734D62D9C72D800D45EA9 /* PBXTargetDependency */,
			);
			fileSystemSynchronizedGroups = (
				9C6734D72D9C72D800D45EA9 /* anyAppTests */,
			);
			name = anyAppTests;
			packageProductDependencies = (
			);
			productName = anyAppTests;
			productReference = 9C6734D42D9C72D800D45EA9 /* anyAppTests.xctest */;
			productType = "com.apple.product-type.bundle.unit-test";
		};
		9C6734DD2D9C72D800D45EA9 /* anyAppUITests */ = {
			isa = PBXNativeTarget;
			buildConfigurationList = 9C6734EE2D9C72D800D45EA9 /* Build configuration list for PBXNativeTarget "anyAppUITests" */;
			buildPhases = (
				9C6734DA2D9C72D800D45EA9 /* Sources */,
				9C6734DB2D9C72D800D45EA9 /* Frameworks */,
				9C6734DC2D9C72D800D45EA9 /* Resources */,
			);
			buildRules = (
			);
			dependencies = (
				9C6734E02D9C72D800D45EA9 /* PBXTargetDependency */,
			);
			fileSystemSynchronizedGroups = (
				9C6734E12D9C72D800D45EA9 /* anyAppUITests */,
			);
			name = anyAppUITests;
			packageProductDependencies = (
			);
			productName = anyAppUITests;
			productReference = 9C6734DE2D9C72D800D45EA9 /* anyAppUITests.xctest */;
			productType = "com.apple.product-type.bundle.ui-testing";
		};
/* End PBXNativeTarget section */

/* Begin PBXProject section */
		9C6734BC2D9C72D400D45EA9 /* Project object */ = {
			isa = PBXProject;
			attributes = {
				BuildIndependentTargetsInParallel = 1;
				LastSwiftUpdateCheck = 1600;
				LastUpgradeCheck = 1600;
				TargetAttributes = {
					9C6734C32D9C72D400D45EA9 = {
						CreatedOnToolsVersion = 16.0;
					};
					9C6734D32D9C72D800D45EA9 = {
						CreatedOnToolsVersion = 16.0;
						TestTargetID = 9C6734C32D9C72D400D45EA9;
					};
					9C6734DD2D9C72D800D45EA9 = {
						CreatedOnToolsVersion = 16.0;
						TestTargetID = 9C6734C32D9C72D400D45EA9;
					};
				};
			};
			buildConfigurationList = 9C6734BF2D9C72D400D45EA9 /* Build configuration list for PBXProject "anyApp" */;
			developmentRegion = en;
			hasScannedForEncodings = 0;
			knownRegions = (
				en,
				Base,
			);
			mainGroup = 9C6734BB2D9C72D400D45EA9;
			minimizedProjectReferenceProxies = 1;
			preferredProjectObjectVersion = 77;
			productRefGroup = 9C6734C52D9C72D400D45EA9 /* Products */;
			projectDirPath = "";
			projectRoot = "";
			targets = (
				9C6734C32D9C72D400D45EA9 /* anyApp */,
				9C6734D32D9C72D800D45EA9 /* anyAppTests */,
				9C6734DD2D9C72D800D45EA9 /* anyAppUITests */,
			);
		};
/* End PBXProject section */

/* Begin PBXResourcesBuildPhase section */
		9C6734C22D9C72D400D45EA9 /* Resources */ = {
			isa = PBXResourcesBuildPhase;
			buildActionMask = 2147483647;
			files = (
			);
			runOnlyForDeploymentPostprocessing = 0;
		};
		9C6734D22D9C72D800D45EA9 /* Resources */ = {
			isa = PBXResourcesBuildPhase;
			buildActionMask = 2147483647;
			files = (
			);
			runOnlyForDeploymentPostprocessing = 0;
		};
		9C6734DC2D9C72D800D45EA9 /* Resources */ = {
			isa = PBXResourcesBuildPhase;
			buildActionMask = 2147483647;
			files = (
			);
			runOnlyForDeploymentPostprocessing = 0;
		};
/* End PBXResourcesBuildPhase section */

/* Begin PBXSourcesBuildPhase section */
		9C6734C02D9C72D400D45EA9 /* Sources */ = {
			isa = PBXSourcesBuildPhase;
			buildActionMask = 2147483647;
			files = (
			);
			runOnlyForDeploymentPostprocessing = 0;
		};
		9C6734D02D9C72D800D45EA9 /* Sources */ = {
			isa = PBXSourcesBuildPhase;
			buildActionMask = 2147483647;
			files = (
			);
			runOnlyForDeploymentPostprocessing = 0;
		};
		9C6734DA2D9C72D800D45EA9 /* Sources */ = {
			isa = PBXSourcesBuildPhase;
			buildActionMask = 2147483647;
			files = (
			);
			runOnlyForDeploymentPostprocessing = 0;
		};
/* End PBXSourcesBuildPhase section */

/* Begin PBXTargetDependency section */
		9C6734D62D9C72D800D45EA9 /* PBXTargetDependency */ = {
			isa = PBXTargetDependency;
			target = 9C6734C32D9C72D400D45EA9 /* anyApp */;
			targetProxy = 9C6734D52D9C72D800D45EA9 /* PBXContainerItemProxy */;
		};
		9C6734E02D9C72D800D45EA9 /* PBXTargetDependency */ = {
			isa = PBXTargetDependency;
			target = 9C6734C32D9C72D400D45EA9 /* anyApp */;
			targetProxy = 9C6734DF2D9C72D800D45EA9 /* PBXContainerItemProxy */;
		};
/* End PBXTargetDependency section */

/* Begin XCBuildConfiguration section */
		9C6734E62D9C72D800D45EA9 /* Debug */ = {
			isa = XCBuildConfiguration;
			buildSettings = {
				ALWAYS_SEARCH_USER_PATHS = NO;
				ASSETCATALOG_COMPILER_GENERATE_SWIFT_ASSET_SYMBOL_EXTENSIONS = YES;
				CLANG_ANALYZER_NONNULL = YES;
				CLANG_ANALYZER_NUMBER_OBJECT_CONVERSION = YES_AGGRESSIVE;
				CLANG_CXX_LANGUAGE_STANDARD = "gnu++20";
				CLANG_ENABLE_MODULES = YES;
				CLANG_ENABLE_OBJC_ARC = YES;
				CLANG_ENABLE_OBJC_WEAK = YES;
				CLANG_WARN_BLOCK_CAPTURE_AUTORELEASING = YES;
				CLANG_WARN_BOOL_CONVERSION = YES;
				CLANG_WARN_COMMA = YES;
				CLANG_WARN_CONSTANT_CONVERSION = YES;
				CLANG_WARN_DEPRECATED_OBJC_IMPLEMENTATIONS = YES;
				CLANG_WARN_DIRECT_OBJC_ISA_USAGE = YES_ERROR;
				CLANG_WARN_DOCUMENTATION_COMMENTS = YES;
				CLANG_WARN_EMPTY_BODY = YES;
				CLANG_WARN_ENUM_CONVERSION = YES;
				CLANG_WARN_INFINITE_RECURSION = YES;
				CLANG_WARN_INT_CONVERSION = YES;
				CLANG_WARN_NON_LITERAL_NULL_CONVERSION = YES;
				CLANG_WARN_OBJC_IMPLICIT_RETAIN_SELF = YES;
				CLANG_WARN_OBJC_LITERAL_CONVERSION = YES;
				CLANG_WARN_OBJC_ROOT_CLASS = YES_ERROR;
				CLANG_WARN_QUOTED_INCLUDE_IN_FRAMEWORK_HEADER = YES;
				CLANG_WARN_RANGE_LOOP_ANALYSIS = YES;
				CLANG_WARN_STRICT_PROTOTYPES = YES;
				CLANG_WARN_SUSPICIOUS_MOVE = YES;
				CLANG_WARN_UNGUARDED_AVAILABILITY = YES_AGGRESSIVE;
				CLANG_WARN_UNREACHABLE_CODE = YES;
				CLANG_WARN__DUPLICATE_METHOD_MATCH = YES;
				COPY_PHASE_STRIP = NO;
				DEBUG_INFORMATION_FORMAT = dwarf;
				ENABLE_STRICT_OBJC_MSGSEND = YES;
				ENABLE_TESTABILITY = YES;
				ENABLE_USER_SCRIPT_SANDBOXING = YES;
				GCC_C_LANGUAGE_STANDARD = gnu17;
				GCC_DYNAMIC_NO_PIC = NO;
				GCC_NO_COMMON_BLOCKS = YES;
				GCC_OPTIMIZATION_LEVEL = 0;
				GCC_PREPROCESSOR_DEFINITIONS = (
					"DEBUG=1",
					"$(inherited)",
				);
				GCC_WARN_64_TO_32_BIT_CONVERSION = YES;
				GCC_WARN_ABOUT_RETURN_TYPE = YES_ERROR;
				GCC_WARN_UNDECLARED_SELECTOR = YES;
				GCC_WARN_UNINITIALIZED_AUTOS = YES_AGGRESSIVE;
				GCC_WARN_UNUSED_FUNCTION = YES;
				GCC_WARN_UNUSED_VARIABLE = YES;
				IPHONEOS_DEPLOYMENT_TARGET = 18.0;
				LOCALIZATION_PREFERS_STRING_CATALOGS = YES;
				MTL_ENABLE_DEBUG_INFO = INCLUDE_SOURCE;
				MTL_FAST_MATH = YES;
				ONLY_ACTIVE_ARCH = YES;
				SDKROOT = iphoneos;
				SWIFT_ACTIVE_COMPILATION_CONDITIONS = "DEBUG $(inherited)";
				SWIFT_OPTIMIZATION_LEVEL = "-Onone";
			};
			name = Debug;
		};
		9C6734E72D9C72D800D45EA9 /* Release */ = {
			isa = XCBuildConfiguration;
			buildSettings = {
				ALWAYS_SEARCH_USER_PATHS = NO;
				ASSETCATALOG_COMPILER_GENERATE_SWIFT_ASSET_SYMBOL_EXTENSIONS = YES;
				CLANG_ANALYZER_NONNULL = YES;
				CLANG_ANALYZER_NUMBER_OBJECT_CONVERSION = YES_AGGRESSIVE;
				CLANG_CXX_LANGUAGE_STANDARD = "gnu++20";
				CLANG_ENABLE_MODULES = YES;
				CLANG_ENABLE_OBJC_ARC = YES;
				CLANG_ENABLE_OBJC_WEAK = YES;
				CLANG_WARN_BLOCK_CAPTURE_AUTORELEASING = YES;
				CLANG_WARN_BOOL_CONVERSION = YES;
				CLANG_WARN_COMMA = YES;
				CLANG_WARN_CONSTANT_CONVERSION = YES;
				CLANG_WARN_DEPRECATED_OBJC_IMPLEMENTATIONS = YES;
				CLANG_WARN_DIRECT_OBJC_ISA_USAGE = YES_ERROR;
				CLANG_WARN_DOCUMENTATION_COMMENTS = YES;
				CLANG_WARN_EMPTY_BODY = YES;
				CLANG_WARN_ENUM_CONVERSION = YES;
				CLANG_WARN_INFINITE_RECURSION = YES;
				CLANG_WARN_INT_CONVERSION = YES;
				CLANG_WARN_NON_LITERAL_NULL_CONVERSION = YES;
				CLANG_WARN_OBJC_IMPLICIT_RETAIN_SELF = YES;
				CLANG_WARN_OBJC_LITERAL_CONVERSION = YES;
				CLANG_WARN_OBJC_ROOT_CLASS = YES_ERROR;
				CLANG_WARN_QUOTED_INCLUDE_IN_FRAMEWORK_HEADER = YES;
				CLANG_WARN_RANGE_LOOP_ANALYSIS = YES;
				CLANG_WARN_STRICT_PROTOTYPES = YES;
				CLANG_WARN_SUSPICIOUS_MOVE = YES;
				CLANG_WARN_UNGUARDED_AVAILABILITY = YES_AGGRESSIVE;
				CLANG_WARN_UNREACHABLE_CODE = YES;
				CLANG_WARN__DUPLICATE_METHOD_MATCH = YES;
				COPY_PHASE_STRIP = NO;
				DEBUG_INFORMATION_FORMAT = "dwarf-with-dsym";
				ENABLE_NS_ASSERTIONS = NO;
				ENABLE_STRICT_OBJC_MSGSEND = YES;
				ENABLE_USER_SCRIPT_SANDBOXING = YES;
				GCC_C_LANGUAGE_STANDARD = gnu17;
				GCC_NO_COMMON_BLOCKS = YES;
				GCC_WARN_64_TO_32_BIT_CONVERSION = YES;
				GCC_WARN_ABOUT_RETURN_TYPE = YES_ERROR;
				GCC_WARN_UNDECLARED_SELECTOR = YES;
				GCC_WARN_UNINITIALIZED_AUTOS = YES_AGGRESSIVE;
				GCC_WARN_UNUSED_FUNCTION = YES;
				GCC_WARN_UNUSED_VARIABLE = YES;
				IPHONEOS_DEPLOYMENT_TARGET = 18.0;
				LOCALIZATION_PREFERS_STRING_CATALOGS = YES;
				MTL_ENABLE_DEBUG_INFO = NO;
				MTL_FAST_MATH = YES;
				SDKROOT = iphoneos;
				SWIFT_COMPILATION_MODE = wholemodule;
				VALIDATE_PRODUCT = YES;
			};
			name = Release;
		};
		9C6734E92D9C72D800D45EA9 /* Debug */ = {
			isa = XCBuildConfiguration;
			buildSettings = {
				ASSETCATALOG_COMPILER_APPICON_NAME = AppIcon;
				ASSETCATALOG_COMPILER_GLOBAL_ACCENT_COLOR_NAME = AccentColor;
				CODE_SIGN_STYLE = Automatic;
				CURRENT_PROJECT_VERSION = 1;
				DEVELOPMENT_ASSET_PATHS = "\"anyApp/Preview Content\"";
				ENABLE_PREVIEWS = YES;
				GENERATE_INFOPLIST_FILE = YES;
				INFOPLIST_KEY_UIApplicationSceneManifest_Generation = YES;
				INFOPLIST_KEY_UIApplicationSupportsIndirectInputEvents = YES;
				INFOPLIST_KEY_UILaunchScreen_Generation = YES;
				INFOPLIST_KEY_UISupportedInterfaceOrientations_iPad = "UIInterfaceOrientationPortrait UIInterfaceOrientationPortraitUpsideDown UIInterfaceOrientationLandscapeLeft UIInterfaceOrientationLandscapeRight";
				INFOPLIST_KEY_UISupportedInterfaceOrientations_iPhone = "UIInterfaceOrientationPortrait UIInterfaceOrientationLandscapeLeft UIInterfaceOrientationLandscapeRight";
				LD_RUNPATH_SEARCH_PATHS = (
					"$(inherited)",
					"@executable_path/Frameworks",
				);
				MARKETING_VERSION = 1.0;
				PRODUCT_BUNDLE_IDENTIFIER = EventPalz.com.anyApp;
				PRODUCT_NAME = "$(TARGET_NAME)";
				SWIFT_EMIT_LOC_STRINGS = YES;
				SWIFT_VERSION = 5.0;
				TARGETED_DEVICE_FAMILY = "1,2";
			};
			name = Debug;
		};
		9C6734EA2D9C72D800D45EA9 /* Release */ = {
			isa = XCBuildConfiguration;
			buildSettings = {
				ASSETCATALOG_COMPILER_APPICON_NAME = AppIcon;
				ASSETCATALOG_COMPILER_GLOBAL_ACCENT_COLOR_NAME = AccentColor;
				CODE_SIGN_STYLE = Automatic;
				CURRENT_PROJECT_VERSION = 1;
				DEVELOPMENT_ASSET_PATHS = "\"anyApp/Preview Content\"";
				ENABLE_PREVIEWS = YES;
				GENERATE_INFOPLIST_FILE = YES;
				INFOPLIST_KEY_UIApplicationSceneManifest_Generation = YES;
				INFOPLIST_KEY_UIApplicationSupportsIndirectInputEvents = YES;
				INFOPLIST_KEY_UILaunchScreen_Generation = YES;
				INFOPLIST_KEY_UISupportedInterfaceOrientations_iPad = "UIInterfaceOrientationPortrait UIInterfaceOrientationPortraitUpsideDown UIInterfaceOrientationLandscapeLeft UIInterfaceOrientationLandscapeRight";
				INFOPLIST_KEY_UISupportedInterfaceOrientations_iPhone = "UIInterfaceOrientationPortrait UIInterfaceOrientationLandscapeLeft UIInterfaceOrientationLandscapeRight";
				LD_RUNPATH_SEARCH_PATHS = (
					"$(inherited)",
					"@executable_path/Frameworks",
				);
				MARKETING_VERSION = 1.0;
				PRODUCT_BUNDLE_IDENTIFIER = EventPalz.com.anyApp;
				PRODUCT_NAME = "$(TARGET_NAME)";
				SWIFT_EMIT_LOC_STRINGS = YES;
				SWIFT_VERSION = 5.0;
				TARGETED_DEVICE_FAMILY = "1,2";
			};
			name = Release;
		};
		9C6734EC2D9C72D800D45EA9 /* Debug */ = {
			isa = XCBuildConfiguration;
			buildSettings = {
				BUNDLE_LOADER = "$(TEST_HOST)";
				CODE_SIGN_STYLE = Automatic;
				CURRENT_PROJECT_VERSION = 1;
				GENERATE_INFOPLIST_FILE = YES;
				IPHONEOS_DEPLOYMENT_TARGET = 18.0;
				MARKETING_VERSION = 1.0;
				PRODUCT_BUNDLE_IDENTIFIER = EventPalz.com.anyAppTests;
				PRODUCT_NAME = "$(TARGET_NAME)";
				SWIFT_EMIT_LOC_STRINGS = NO;
				SWIFT_VERSION = 5.0;
				TARGETED_DEVICE_FAMILY = "1,2";
				TEST_HOST = "$(BUILT_PRODUCTS_DIR)/anyApp.app/$(BUNDLE_EXECUTABLE_FOLDER_PATH)/anyApp";
			};
			name = Debug;
		};
		9C6734ED2D9C72D800D45EA9 /* Release */ = {
			isa = XCBuildConfiguration;
			buildSettings = {
				BUNDLE_LOADER = "$(TEST_HOST)";
				CODE_SIGN_STYLE = Automatic;
				CURRENT_PROJECT_VERSION = 1;
				GENERATE_INFOPLIST_FILE = YES;
				IPHONEOS_DEPLOYMENT_TARGET = 18.0;
				MARKETING_VERSION = 1.0;
				PRODUCT_BUNDLE_IDENTIFIER = EventPalz.com.anyAppTests;
				PRODUCT_NAME = "$(TARGET_NAME)";
				SWIFT_EMIT_LOC_STRINGS = NO;
				SWIFT_VERSION = 5.0;
				TARGETED_DEVICE_FAMILY = "1,2";
				TEST_HOST = "$(BUILT_PRODUCTS_DIR)/anyApp.app/$(BUNDLE_EXECUTABLE_FOLDER_PATH)/anyApp";
			};
			name = Release;
		};
		9C6734EF2D9C72D800D45EA9 /* Debug */ = {
			isa = XCBuildConfiguration;
			buildSettings = {
				CODE_SIGN_STYLE = Automatic;
				CURRENT_PROJECT_VERSION = 1;
				GENERATE_INFOPLIST_FILE = YES;
				MARKETING_VERSION = 1.0;
				PRODUCT_BUNDLE_IDENTIFIER = EventPalz.com.anyAppUITests;
				PRODUCT_NAME = "$(TARGET_NAME)";
				SWIFT_EMIT_LOC_STRINGS = NO;
				SWIFT_VERSION = 5.0;
				TARGETED_DEVICE_FAMILY = "1,2";
				TEST_TARGET_NAME = anyApp;
			};
			name = Debug;
		};
		9C6734F02D9C72D800D45EA9 /* Release */ = {
			isa = XCBuildConfiguration;
			buildSettings = {
				CODE_SIGN_STYLE = Automatic;
				CURRENT_PROJECT_VERSION = 1;
				GENERATE_INFOPLIST_FILE = YES;
				MARKETING_VERSION = 1.0;
				PRODUCT_BUNDLE_IDENTIFIER = EventPalz.com.anyAppUITests;
				PRODUCT_NAME = "$(TARGET_NAME)";
				SWIFT_EMIT_LOC_STRINGS = NO;
				SWIFT_VERSION = 5.0;
				TARGETED_DEVICE_FAMILY = "1,2";
				TEST_TARGET_NAME = anyApp;
			};
			name = Release;
		};
/* End XCBuildConfiguration section */

/* Begin XCConfigurationList section */
		9C6734BF2D9C72D400D45EA9 /* Build configuration list for PBXProject "anyApp" */ = {
			isa = XCConfigurationList;
			buildConfigurations = (
				9C6734E62D9C72D800D45EA9 /* Debug */,
				9C6734E72D9C72D800D45EA9 /* Release */,
			);
			defaultConfigurationIsVisible = 0;
			defaultConfigurationName = Release;
		};
		9C6734E82D9C72D800D45EA9 /* Build configuration list for PBXNativeTarget "anyApp" */ = {
			isa = XCConfigurationList;
			buildConfigurations = (
				9C6734E92D9C72D800D45EA9 /* Debug */,
				9C6734EA2D9C72D800D45EA9 /* Release */,
			);
			defaultConfigurationIsVisible = 0;
			defaultConfigurationName = Release;
		};
		9C6734EB2D9C72D800D45EA9 /* Build configuration list for PBXNativeTarget "anyAppTests" */ = {
			isa = XCConfigurationList;
			buildConfigurations = (
				9C6734EC2D9C72D800D45EA9 /* Debug */,
				9C6734ED2D9C72D800D45EA9 /* Release */,
			);
			defaultConfigurationIsVisible = 0;
			defaultConfigurationName = Release;
		};
		9C6734EE2D9C72D800D45EA9 /* Build configuration list for PBXNativeTarget "anyAppUITests" */ = {
			isa = XCConfigurationList;
			buildConfigurations = (
				9C6734EF2D9C72D800D45EA9 /* Debug */,
				9C6734F02D9C72D800D45EA9 /* Release */,
			);
			defaultConfigurationIsVisible = 0;
			defaultConfigurationName = Release;
		};
/* End XCConfigurationList section */
	};
	rootObject = 9C6734BC2D9C72D400D45EA9 /* Project object */;
}
